
Microsoft Visual Studio Solution File, Format Version 12.00
# Visual Studio Version 16
VisualStudioVersion = 16.0.31112.23
MinimumVisualStudioVersion = 10.0.40219.1
Project("{FAE04EC0-301F-11D3-BF4B-00C04F79EFBC}") = "SupplyControl", "SupplyControl\SupplyControl.csproj", "{9B566F15-5755-4D8A-A593-72DB1160FC57}"
EndProject
Global
	GlobalSection(SolutionConfigurationPlatforms) = preSolution
		Debug|Any CPU = Debug|Any CPU
		Release|Any CPU = Release|Any CPU
	EndGlobalSection
	GlobalSection(ProjectConfigurationPlatforms) = postSolution
		{9B566F15-5755-4D8A-A593-72DB1160FC57}.Debug|Any CPU.ActiveCfg = Debug|Any CPU
		{9B566F15-5755-4D8A-A593-72DB1160FC57}.Debug|Any CPU.Build.0 = Debug|Any CPU
		{9B566F15-5755-4D8A-A593-72DB1160FC57}.Release|Any CPU.ActiveCfg = Release|Any CPU
		{9B566F15-5755-4D8A-A593-72DB1160FC57}.Release|Any CPU.Build.0 = Release|Any CPU
	EndGlobalSection
	GlobalSection(SolutionProperties) = preSolution
		HideSolutionNode = FALSE
	EndGlobalSection
	GlobalSection(ExtensibilityGlobals) = postSolution
		SolutionGuid = {7027C03E-12B8-41DC-99CA-64479FD05184}
	EndGlobalSection
EndGlobal
